
Microsoft Visual Studio Solution File, Format Version 12.00
# Visual Studio Version 17
VisualStudioVersion = 17.12.35707.178 d17.12
MinimumVisualStudioVersion = 10.0.40219.1
Project("{FAE04EC0-301F-11D3-BF4B-00C04F79EFBC}") = "MyLinq", "MyLinq\MyLinq.csproj", "{D1934B7D-B966-4970-833A-19B597B130E8}"
EndProject
Project("{FAE04EC0-301F-11D3-BF4B-00C04F79EFBC}") = "MyLinqTests", "MyLinqTests\MyLinqTests.csproj", "{8160E9F1-E1BC-4C0C-96F0-6E1E8E36406D}"
EndProject
Project("{2150E333-8FDC-42A3-9474-1A3956D46DE8}") = "Solution Items", "Solution Items", "{3B142D17-3E0F-4A14-953D-41036B97BD1D}"
	ProjectSection(SolutionItems) = preProject
		.editorconfig = .editorconfig
	EndProjectSection
EndProject
Global
	GlobalSection(SolutionConfigurationPlatforms) = preSolution
		Debug|Any CPU = Debug|Any CPU
		Release|Any CPU = Release|Any CPU
	EndGlobalSection
	GlobalSection(ProjectConfigurationPlatforms) = postSolution
		{D1934B7D-B966-4970-833A-19B597B130E8}.Debug|Any CPU.ActiveCfg = Debug|Any CPU
		{D1934B7D-B966-4970-833A-19B597B130E8}.Debug|Any CPU.Build.0 = Debug|Any CPU
		{D1934B7D-B966-4970-833A-19B597B130E8}.Release|Any CPU.ActiveCfg = Release|Any CPU
		{D1934B7D-B966-4970-833A-19B597B130E8}.Release|Any CPU.Build.0 = Release|Any CPU
		{8160E9F1-E1BC-4C0C-96F0-6E1E8E36406D}.Debug|Any CPU.ActiveCfg = Debug|Any CPU
		{8160E9F1-E1BC-4C0C-96F0-6E1E8E36406D}.Debug|Any CPU.Build.0 = Debug|Any CPU
		{8160E9F1-E1BC-4C0C-96F0-6E1E8E36406D}.Release|Any CPU.ActiveCfg = Release|Any CPU
		{8160E9F1-E1BC-4C0C-96F0-6E1E8E36406D}.Release|Any CPU.Build.0 = Release|Any CPU
	EndGlobalSection
	GlobalSection(SolutionProperties) = preSolution
		HideSolutionNode = FALSE
	EndGlobalSection
EndGlobal
