
Microsoft Visual Studio Solution File, Format Version 12.00
# Visual Studio Version 17
VisualStudioVersion = 17.12.35707.178 d17.12
MinimumVisualStudioVersion = 10.0.40219.1
Project("{FAE04EC0-301F-11D3-BF4B-00C04F79EFBC}") = "ZeroElements", "ZeroElements\ZeroElements.csproj", "{CC25596D-38A6-4B75-80D8-E01FB06B0385}"
EndProject
Project("{FAE04EC0-301F-11D3-BF4B-00C04F79EFBC}") = "ZeroElementsTests", "ZeroElementsTests\ZeroElementsTests.csproj", "{13E86D2A-3DA7-49C1-A734-35290F79BA6D}"
EndProject
Project("{2150E333-8FDC-42A3-9474-1A3956D46DE8}") = "Solution Items", "Solution Items", "{068FB624-AAAB-49BA-9F59-F9BD6CEB4245}"
	ProjectSection(SolutionItems) = preProject
		.editorconfig = .editorconfig
	EndProjectSection
EndProject
Global
	GlobalSection(SolutionConfigurationPlatforms) = preSolution
		Debug|Any CPU = Debug|Any CPU
		Release|Any CPU = Release|Any CPU
	EndGlobalSection
	GlobalSection(ProjectConfigurationPlatforms) = postSolution
		{CC25596D-38A6-4B75-80D8-E01FB06B0385}.Debug|Any CPU.ActiveCfg = Debug|Any CPU
		{CC25596D-38A6-4B75-80D8-E01FB06B0385}.Debug|Any CPU.Build.0 = Debug|Any CPU
		{CC25596D-38A6-4B75-80D8-E01FB06B0385}.Release|Any CPU.ActiveCfg = Release|Any CPU
		{CC25596D-38A6-4B75-80D8-E01FB06B0385}.Release|Any CPU.Build.0 = Release|Any CPU
		{13E86D2A-3DA7-49C1-A734-35290F79BA6D}.Debug|Any CPU.ActiveCfg = Debug|Any CPU
		{13E86D2A-3DA7-49C1-A734-35290F79BA6D}.Debug|Any CPU.Build.0 = Debug|Any CPU
		{13E86D2A-3DA7-49C1-A734-35290F79BA6D}.Release|Any CPU.ActiveCfg = Release|Any CPU
		{13E86D2A-3DA7-49C1-A734-35290F79BA6D}.Release|Any CPU.Build.0 = Release|Any CPU
	EndGlobalSection
	GlobalSection(SolutionProperties) = preSolution
		HideSolutionNode = FALSE
	EndGlobalSection
EndGlobal
